
Microsoft Visual Studio Solution File, Format Version 12.00
# Visual Studio Version 17
VisualStudioVersion = 17.5.002.0
MinimumVisualStudioVersion = 10.0.40219.1
Project("{9A19103F-16F7-4668-BE54-9A1E7A4F7556}") = "PasswordlessAuthentication.Blazor", "PasswordlessAuthentication.Blazor\PasswordlessAuthentication.Blazor.csproj", "{9CBF6783-6995-4726-8043-0E7FB984E7D4}"
EndProject
Project("{9A19103F-16F7-4668-BE54-9A1E7A4F7556}") = "PasswordlessAuthentication.Blazor.Client", "PasswordlessAuthentication.Blazor.Client\PasswordlessAuthentication.Blazor.Client.csproj", "{D2129430-7274-43F9-9222-BA48E33D9097}"
EndProject
Project("{9A19103F-16F7-4668-BE54-9A1E7A4F7556}") = "PasswordlessAuthentication.Blazor.WebAppTiered", "PasswordlessAuthentication.Blazor.WebApp\PasswordlessAuthentication.Blazor.WebApp.csproj", "{13681369-B929-4054-A288-9416869A27C1}"
EndProject
Project("{9A19103F-16F7-4668-BE54-9A1E7A4F7556}") = "PasswordlessAuthentication.Blazor.Server", "PasswordlessAuthentication.Blazor.Server\PasswordlessAuthentication.Blazor.Server.csproj", "{77C8416E-2213-4087-AA44-B2E537330DD2}"
EndProject
Project("{9A19103F-16F7-4668-BE54-9A1E7A4F7556}") = "PasswordlessAuthentication.Blazor.WebApp.Client", "PasswordlessAuthentication.Blazor.WebApp.Client\PasswordlessAuthentication.Blazor.WebApp.Client.csproj", "{98F57F16-6076-48F5-A688-31D6B9F3E42C}"
EndProject
Global
	GlobalSection(SolutionConfigurationPlatforms) = preSolution
		Debug|Any CPU = Debug|Any CPU
		Release|Any CPU = Release|Any CPU
	EndGlobalSection
	GlobalSection(ProjectConfigurationPlatforms) = postSolution
		{9CBF6783-6995-4726-8043-0E7FB984E7D4}.Debug|Any CPU.ActiveCfg = Debug|Any CPU
		{9CBF6783-6995-4726-8043-0E7FB984E7D4}.Debug|Any CPU.Build.0 = Debug|Any CPU
		{9CBF6783-6995-4726-8043-0E7FB984E7D4}.Release|Any CPU.ActiveCfg = Release|Any CPU
		{9CBF6783-6995-4726-8043-0E7FB984E7D4}.Release|Any CPU.Build.0 = Release|Any CPU
		{D2129430-7274-43F9-9222-BA48E33D9097}.Debug|Any CPU.ActiveCfg = Debug|Any CPU
		{D2129430-7274-43F9-9222-BA48E33D9097}.Debug|Any CPU.Build.0 = Debug|Any CPU
		{D2129430-7274-43F9-9222-BA48E33D9097}.Release|Any CPU.ActiveCfg = Release|Any CPU
		{D2129430-7274-43F9-9222-BA48E33D9097}.Release|Any CPU.Build.0 = Release|Any CPU
		{13681369-B929-4054-A288-9416869A27C1}.Debug|Any CPU.ActiveCfg = Debug|Any CPU
		{13681369-B929-4054-A288-9416869A27C1}.Debug|Any CPU.Build.0 = Debug|Any CPU
		{13681369-B929-4054-A288-9416869A27C1}.Release|Any CPU.ActiveCfg = Release|Any CPU
		{13681369-B929-4054-A288-9416869A27C1}.Release|Any CPU.Build.0 = Release|Any CPU
		{77C8416E-2213-4087-AA44-B2E537330DD2}.Debug|Any CPU.ActiveCfg = Debug|Any CPU
		{77C8416E-2213-4087-AA44-B2E537330DD2}.Debug|Any CPU.Build.0 = Debug|Any CPU
		{77C8416E-2213-4087-AA44-B2E537330DD2}.Release|Any CPU.ActiveCfg = Release|Any CPU
		{77C8416E-2213-4087-AA44-B2E537330DD2}.Release|Any CPU.Build.0 = Release|Any CPU
		{98F57F16-6076-48F5-A688-31D6B9F3E42C}.Debug|Any CPU.ActiveCfg = Debug|Any CPU
		{98F57F16-6076-48F5-A688-31D6B9F3E42C}.Debug|Any CPU.Build.0 = Debug|Any CPU
		{98F57F16-6076-48F5-A688-31D6B9F3E42C}.Release|Any CPU.ActiveCfg = Release|Any CPU
		{98F57F16-6076-48F5-A688-31D6B9F3E42C}.Release|Any CPU.Build.0 = Release|Any CPU
	EndGlobalSection
	GlobalSection(SolutionProperties) = preSolution
		HideSolutionNode = FALSE
	EndGlobalSection
	GlobalSection(ExtensibilityGlobals) = postSolution
		SolutionGuid = {307A8F2F-E05C-0F2A-AB8E-81A8641A3DD7}
	EndGlobalSection
EndGlobal
